
Microsoft Visual Studio Solution File, Format Version 12.00
# Visual Studio Version 17
VisualStudioVersion = 17.10.34928.147
MinimumVisualStudioVersion = 10.0.40219.1
Project("{FAE04EC0-301F-11D3-BF4B-00C04F79EFBC}") = "ESPLinter", "ESPLinter\ESPLinter.csproj", "{8FD9EF4F-59EF-4ED1-BF94-29BE7D098394}"
EndProject
Global
	GlobalSection(SolutionConfigurationPlatforms) = preSolution
		Debug|Any CPU = Debug|Any CPU
		Release|Any CPU = Release|Any CPU
	EndGlobalSection
	GlobalSection(ProjectConfigurationPlatforms) = postSolution
		{8FD9EF4F-59EF-4ED1-BF94-29BE7D098394}.Debug|Any CPU.ActiveCfg = Debug|Any CPU
		{8FD9EF4F-59EF-4ED1-BF94-29BE7D098394}.Debug|Any CPU.Build.0 = Debug|Any CPU
		{8FD9EF4F-59EF-4ED1-BF94-29BE7D098394}.Release|Any CPU.ActiveCfg = Release|Any CPU
		{8FD9EF4F-59EF-4ED1-BF94-29BE7D098394}.Release|Any CPU.Build.0 = Release|Any CPU
	EndGlobalSection
	GlobalSection(SolutionProperties) = preSolution
		HideSolutionNode = FALSE
	EndGlobalSection
	GlobalSection(ExtensibilityGlobals) = postSolution
		SolutionGuid = {0FA31CCB-D82B-40B7-96F2-14DEDE370F21}
	EndGlobalSection
EndGlobal
